// !$*UTF8*$!
{
	archiveVersion = 1;
	classes = {
	};
	objectVersion = 55;
	objects = {

/* Begin PBXBuildFile section */
		2EC14D5929898829C1BCD4F8 /* Pods_github_search_task_github_search_taskUITests.framework in Frameworks */ = {isa = PBXBuildFile; fileRef = 25AFD962D8E1C9024B2EB038 /* Pods_github_search_task_github_search_taskUITests.framework */; };
		AB44EF8227244118002579A2 /* AppDelegate.swift in Sources */ = {isa = PBXBuildFile; fileRef = AB44EF8127244118002579A2 /* AppDelegate.swift */; };
		AB44EF8427244118002579A2 /* SceneDelegate.swift in Sources */ = {isa = PBXBuildFile; fileRef = AB44EF8327244118002579A2 /* SceneDelegate.swift */; };
		AB44EF8B2724411B002579A2 /* Assets.xcassets in Resources */ = {isa = PBXBuildFile; fileRef = AB44EF8A2724411B002579A2 /* Assets.xcassets */; };
		AB44EF8E2724411B002579A2 /* LaunchScreen.storyboard in Resources */ = {isa = PBXBuildFile; fileRef = AB44EF8C2724411B002579A2 /* LaunchScreen.storyboard */; };
		AB44EF992724411C002579A2 /* github_search_taskTests.swift in Sources */ = {isa = PBXBuildFile; fileRef = AB44EF982724411C002579A2 /* github_search_taskTests.swift */; };
		AB44EFA32724411C002579A2 /* github_search_taskUITests.swift in Sources */ = {isa = PBXBuildFile; fileRef = AB44EFA22724411C002579A2 /* github_search_taskUITests.swift */; };
		AB44EFA52724411C002579A2 /* github_search_taskUITestsLaunchTests.swift in Sources */ = {isa = PBXBuildFile; fileRef = AB44EFA42724411C002579A2 /* github_search_taskUITestsLaunchTests.swift */; };
		AB44EFBA27245690002579A2 /* SearchViewController.swift in Sources */ = {isa = PBXBuildFile; fileRef = AB44EFB927245690002579A2 /* SearchViewController.swift */; };
		AB44EFC027245794002579A2 /* BaseAPI.swift in Sources */ = {isa = PBXBuildFile; fileRef = AB44EFBF27245794002579A2 /* BaseAPI.swift */; };
		AB44EFC2272457A9002579A2 /* SearchService.swift in Sources */ = {isa = PBXBuildFile; fileRef = AB44EFC1272457A9002579A2 /* SearchService.swift */; };
		DE2DB86A220791C2C6D9CE45 /* Pods_github_search_task.framework in Frameworks */ = {isa = PBXBuildFile; fileRef = D872D59F82714EBE96E965B7 /* Pods_github_search_task.framework */; };
		DF3A4ABF704C88C2C1974AB7 /* Pods_github_search_taskTests.framework in Frameworks */ = {isa = PBXBuildFile; fileRef = 91A905FBB1F91BF6E79530F4 /* Pods_github_search_taskTests.framework */; };
/* End PBXBuildFile section */

/* Begin PBXContainerItemProxy section */
		AB44EF952724411B002579A2 /* PBXContainerItemProxy */ = {
			isa = PBXContainerItemProxy;
			containerPortal = AB44EF7627244118002579A2 /* Project object */;
			proxyType = 1;
			remoteGlobalIDString = AB44EF7D27244118002579A2;
			remoteInfo = "github-search-task";
		};
		AB44EF9F2724411C002579A2 /* PBXContainerItemProxy */ = {
			isa = PBXContainerItemProxy;
			containerPortal = AB44EF7627244118002579A2 /* Project object */;
			proxyType = 1;
			remoteGlobalIDString = AB44EF7D27244118002579A2;
			remoteInfo = "github-search-task";
		};
/* End PBXContainerItemProxy section */

/* Begin PBXFileReference section */
		1137A74E386A8BC2AE53A2FF /* Pods-github-search-task.release.xcconfig */ = {isa = PBXFileReference; includeInIndex = 1; lastKnownFileType = text.xcconfig; name = "Pods-github-search-task.release.xcconfig"; path = "Target Support Files/Pods-github-search-task/Pods-github-search-task.release.xcconfig"; sourceTree = "<group>"; };
		25AFD962D8E1C9024B2EB038 /* Pods_github_search_task_github_search_taskUITests.framework */ = {isa = PBXFileReference; explicitFileType = wrapper.framework; includeInIndex = 0; path = Pods_github_search_task_github_search_taskUITests.framework; sourceTree = BUILT_PRODUCTS_DIR; };
		86EE0A59BCADA66478331446 /* Pods-github-search-task.debug.xcconfig */ = {isa = PBXFileReference; includeInIndex = 1; lastKnownFileType = text.xcconfig; name = "Pods-github-search-task.debug.xcconfig"; path = "Target Support Files/Pods-github-search-task/Pods-github-search-task.debug.xcconfig"; sourceTree = "<group>"; };
		91A905FBB1F91BF6E79530F4 /* Pods_github_search_taskTests.framework */ = {isa = PBXFileReference; explicitFileType = wrapper.framework; includeInIndex = 0; path = Pods_github_search_taskTests.framework; sourceTree = BUILT_PRODUCTS_DIR; };
		A121A124F7B39DF8475774BD /* Pods-github-search-task-github-search-taskUITests.debug.xcconfig */ = {isa = PBXFileReference; includeInIndex = 1; lastKnownFileType = text.xcconfig; name = "Pods-github-search-task-github-search-taskUITests.debug.xcconfig"; path = "Target Support Files/Pods-github-search-task-github-search-taskUITests/Pods-github-search-task-github-search-taskUITests.debug.xcconfig"; sourceTree = "<group>"; };
		AB44EF7E27244118002579A2 /* github-search-task.app */ = {isa = PBXFileReference; explicitFileType = wrapper.application; includeInIndex = 0; path = "github-search-task.app"; sourceTree = BUILT_PRODUCTS_DIR; };
		AB44EF8127244118002579A2 /* AppDelegate.swift */ = {isa = PBXFileReference; lastKnownFileType = sourcecode.swift; path = AppDelegate.swift; sourceTree = "<group>"; };
		AB44EF8327244118002579A2 /* SceneDelegate.swift */ = {isa = PBXFileReference; lastKnownFileType = sourcecode.swift; path = SceneDelegate.swift; sourceTree = "<group>"; };
		AB44EF8A2724411B002579A2 /* Assets.xcassets */ = {isa = PBXFileReference; lastKnownFileType = folder.assetcatalog; path = Assets.xcassets; sourceTree = "<group>"; };
		AB44EF8D2724411B002579A2 /* Base */ = {isa = PBXFileReference; lastKnownFileType = file.storyboard; name = Base; path = Base.lproj/LaunchScreen.storyboard; sourceTree = "<group>"; };
		AB44EF8F2724411B002579A2 /* Info.plist */ = {isa = PBXFileReference; lastKnownFileType = text.plist.xml; path = Info.plist; sourceTree = "<group>"; };
		AB44EF942724411B002579A2 /* github-search-taskTests.xctest */ = {isa = PBXFileReference; explicitFileType = wrapper.cfbundle; includeInIndex = 0; path = "github-search-taskTests.xctest"; sourceTree = BUILT_PRODUCTS_DIR; };
		AB44EF982724411C002579A2 /* github_search_taskTests.swift */ = {isa = PBXFileReference; lastKnownFileType = sourcecode.swift; path = github_search_taskTests.swift; sourceTree = "<group>"; };
		AB44EF9E2724411C002579A2 /* github-search-taskUITests.xctest */ = {isa = PBXFileReference; explicitFileType = wrapper.cfbundle; includeInIndex = 0; path = "github-search-taskUITests.xctest"; sourceTree = BUILT_PRODUCTS_DIR; };
		AB44EFA22724411C002579A2 /* github_search_taskUITests.swift */ = {isa = PBXFileReference; lastKnownFileType = sourcecode.swift; path = github_search_taskUITests.swift; sourceTree = "<group>"; };
		AB44EFA42724411C002579A2 /* github_search_taskUITestsLaunchTests.swift */ = {isa = PBXFileReference; lastKnownFileType = sourcecode.swift; path = github_search_taskUITestsLaunchTests.swift; sourceTree = "<group>"; };
		AB44EFB927245690002579A2 /* SearchViewController.swift */ = {isa = PBXFileReference; lastKnownFileType = sourcecode.swift; path = SearchViewController.swift; sourceTree = "<group>"; };
		AB44EFBF27245794002579A2 /* BaseAPI.swift */ = {isa = PBXFileReference; lastKnownFileType = sourcecode.swift; path = BaseAPI.swift; sourceTree = "<group>"; };
		AB44EFC1272457A9002579A2 /* SearchService.swift */ = {isa = PBXFileReference; lastKnownFileType = sourcecode.swift; path = SearchService.swift; sourceTree = "<group>"; };
		CA517822BE3A0FF3C82FAEC9 /* Pods-github-search-task-github-search-taskUITests.release.xcconfig */ = {isa = PBXFileReference; includeInIndex = 1; lastKnownFileType = text.xcconfig; name = "Pods-github-search-task-github-search-taskUITests.release.xcconfig"; path = "Target Support Files/Pods-github-search-task-github-search-taskUITests/Pods-github-search-task-github-search-taskUITests.release.xcconfig"; sourceTree = "<group>"; };
		D872D59F82714EBE96E965B7 /* Pods_github_search_task.framework */ = {isa = PBXFileReference; explicitFileType = wrapper.framework; includeInIndex = 0; path = Pods_github_search_task.framework; sourceTree = BUILT_PRODUCTS_DIR; };
		E16555857D56993500ED6D80 /* Pods-github-search-taskTests.debug.xcconfig */ = {isa = PBXFileReference; includeInIndex = 1; lastKnownFileType = text.xcconfig; name = "Pods-github-search-taskTests.debug.xcconfig"; path = "Target Support Files/Pods-github-search-taskTests/Pods-github-search-taskTests.debug.xcconfig"; sourceTree = "<group>"; };
		E19A602F4FE840A60CC01123 /* Pods-github-search-taskTests.release.xcconfig */ = {isa = PBXFileReference; includeInIndex = 1; lastKnownFileType = text.xcconfig; name = "Pods-github-search-taskTests.release.xcconfig"; path = "Target Support Files/Pods-github-search-taskTests/Pods-github-search-taskTests.release.xcconfig"; sourceTree = "<group>"; };
/* End PBXFileReference section */

/* Begin PBXFrameworksBuildPhase section */
		AB44EF7B27244118002579A2 /* Frameworks */ = {
			isa = PBXFrameworksBuildPhase;
			buildActionMask = 2147483647;
			files = (
				DE2DB86A220791C2C6D9CE45 /* Pods_github_search_task.framework in Frameworks */,
			);
			runOnlyForDeploymentPostprocessing = 0;
		};
		AB44EF912724411B002579A2 /* Frameworks */ = {
			isa = PBXFrameworksBuildPhase;
			buildActionMask = 2147483647;
			files = (
				DF3A4ABF704C88C2C1974AB7 /* Pods_github_search_taskTests.framework in Frameworks */,
			);
			runOnlyForDeploymentPostprocessing = 0;
		};
		AB44EF9B2724411C002579A2 /* Frameworks */ = {
			isa = PBXFrameworksBuildPhase;
			buildActionMask = 2147483647;
			files = (
				2EC14D5929898829C1BCD4F8 /* Pods_github_search_task_github_search_taskUITests.framework in Frameworks */,
			);
			runOnlyForDeploymentPostprocessing = 0;
		};
/* End PBXFrameworksBuildPhase section */

/* Begin PBXGroup section */
		AB44EF7527244118002579A2 = {
			isa = PBXGroup;
			children = (
				AB44EF8027244118002579A2 /* github-search-task */,
				AB44EF972724411C002579A2 /* github-search-taskTests */,
				AB44EFA12724411C002579A2 /* github-search-taskUITests */,
				AB44EF7F27244118002579A2 /* Products */,
				CCBC774990497A1433B0CD16 /* Pods */,
				BAA6DC1F9A4EC455B2436811 /* Frameworks */,
			);
			sourceTree = "<group>";
		};
		AB44EF7F27244118002579A2 /* Products */ = {
			isa = PBXGroup;
			children = (
				AB44EF7E27244118002579A2 /* github-search-task.app */,
				AB44EF942724411B002579A2 /* github-search-taskTests.xctest */,
				AB44EF9E2724411C002579A2 /* github-search-taskUITests.xctest */,
			);
			name = Products;
			sourceTree = "<group>";
		};
		AB44EF8027244118002579A2 /* github-search-task */ = {
			isa = PBXGroup;
			children = (
				AB44EFB327244F6F002579A2 /* Supporting Files */,
				AB44EFB227244F60002579A2 /* Resources */,
				AB44EFB127244F4F002579A2 /* Sources */,
			);
			path = "github-search-task";
			sourceTree = "<group>";
		};
		AB44EF972724411C002579A2 /* github-search-taskTests */ = {
			isa = PBXGroup;
			children = (
				AB44EF982724411C002579A2 /* github_search_taskTests.swift */,
			);
			path = "github-search-taskTests";
			sourceTree = "<group>";
		};
		AB44EFA12724411C002579A2 /* github-search-taskUITests */ = {
			isa = PBXGroup;
			children = (
				AB44EFA22724411C002579A2 /* github_search_taskUITests.swift */,
				AB44EFA42724411C002579A2 /* github_search_taskUITestsLaunchTests.swift */,
			);
			path = "github-search-taskUITests";
			sourceTree = "<group>";
		};
		AB44EFB127244F4F002579A2 /* Sources */ = {
			isa = PBXGroup;
			children = (
				AB44EFBB2724571A002579A2 /* Network */,
				AB44EFB8272455FF002579A2 /* Cells */,
				AB44EFB7272455D8002579A2 /* Scenes */,
			);
			path = Sources;
			sourceTree = "<group>";
		};
		AB44EFB227244F60002579A2 /* Resources */ = {
			isa = PBXGroup;
			children = (
			);
			path = Resources;
			sourceTree = "<group>";
		};
		AB44EFB327244F6F002579A2 /* Supporting Files */ = {
			isa = PBXGroup;
			children = (
				AB44EF8F2724411B002579A2 /* Info.plist */,
				AB44EF8C2724411B002579A2 /* LaunchScreen.storyboard */,
				AB44EF8A2724411B002579A2 /* Assets.xcassets */,
				AB44EF8127244118002579A2 /* AppDelegate.swift */,
				AB44EF8327244118002579A2 /* SceneDelegate.swift */,
			);
			path = "Supporting Files";
			sourceTree = "<group>";
		};
		AB44EFB7272455D8002579A2 /* Scenes */ = {
			isa = PBXGroup;
			children = (
				AB44EFB927245690002579A2 /* SearchViewController.swift */,
			);
			path = Scenes;
			sourceTree = "<group>";
		};
		AB44EFB8272455FF002579A2 /* Cells */ = {
			isa = PBXGroup;
			children = (
			);
			path = Cells;
			sourceTree = "<group>";
		};
		AB44EFBB2724571A002579A2 /* Network */ = {
			isa = PBXGroup;
			children = (
				AB44EFC3272457C7002579A2 /* Common */,
				AB44EFBD27245729002579A2 /* Service */,
				AB44EFBC27245724002579A2 /* API */,
			);
			path = Network;
			sourceTree = "<group>";
		};
		AB44EFBC27245724002579A2 /* API */ = {
			isa = PBXGroup;
			children = (
				AB44EFBF27245794002579A2 /* BaseAPI.swift */,
			);
			path = API;
			sourceTree = "<group>";
		};
		AB44EFBD27245729002579A2 /* Service */ = {
			isa = PBXGroup;
			children = (
				AB44EFC1272457A9002579A2 /* SearchService.swift */,
			);
			path = Service;
			sourceTree = "<group>";
		};
		AB44EFC3272457C7002579A2 /* Common */ = {
			isa = PBXGroup;
			children = (
			);
			path = Common;
			sourceTree = "<group>";
		};
		BAA6DC1F9A4EC455B2436811 /* Frameworks */ = {
			isa = PBXGroup;
			children = (
				D872D59F82714EBE96E965B7 /* Pods_github_search_task.framework */,
				25AFD962D8E1C9024B2EB038 /* Pods_github_search_task_github_search_taskUITests.framework */,
				91A905FBB1F91BF6E79530F4 /* Pods_github_search_taskTests.framework */,
			);
			name = Frameworks;
			sourceTree = "<group>";
		};
		CCBC774990497A1433B0CD16 /* Pods */ = {
			isa = PBXGroup;
			children = (
				86EE0A59BCADA66478331446 /* Pods-github-search-task.debug.xcconfig */,
				1137A74E386A8BC2AE53A2FF /* Pods-github-search-task.release.xcconfig */,
				A121A124F7B39DF8475774BD /* Pods-github-search-task-github-search-taskUITests.debug.xcconfig */,
				CA517822BE3A0FF3C82FAEC9 /* Pods-github-search-task-github-search-taskUITests.release.xcconfig */,
				E16555857D56993500ED6D80 /* Pods-github-search-taskTests.debug.xcconfig */,
				E19A602F4FE840A60CC01123 /* Pods-github-search-taskTests.release.xcconfig */,
			);
			path = Pods;
			sourceTree = "<group>";
		};
/* End PBXGroup section */

/* Begin PBXNativeTarget section */
		AB44EF7D27244118002579A2 /* github-search-task */ = {
			isa = PBXNativeTarget;
			buildConfigurationList = AB44EFA82724411C002579A2 /* Build configuration list for PBXNativeTarget "github-search-task" */;
			buildPhases = (
				D5E8E0C385B40830EF436B23 /* [CP] Check Pods Manifest.lock */,
				AB44EF7A27244118002579A2 /* Sources */,
				AB44EF7B27244118002579A2 /* Frameworks */,
				AB44EF7C27244118002579A2 /* Resources */,
				D8A0D0E2A20B06C52A98FBAD /* [CP] Embed Pods Frameworks */,
			);
			buildRules = (
			);
			dependencies = (
			);
			name = "github-search-task";
			productName = "github-search-task";
			productReference = AB44EF7E27244118002579A2 /* github-search-task.app */;
			productType = "com.apple.product-type.application";
		};
		AB44EF932724411B002579A2 /* github-search-taskTests */ = {
			isa = PBXNativeTarget;
			buildConfigurationList = AB44EFAB2724411C002579A2 /* Build configuration list for PBXNativeTarget "github-search-taskTests" */;
			buildPhases = (
				86A4E3F2E9668E032F87F540 /* [CP] Check Pods Manifest.lock */,
				AB44EF902724411B002579A2 /* Sources */,
				AB44EF912724411B002579A2 /* Frameworks */,
				AB44EF922724411B002579A2 /* Resources */,
			);
			buildRules = (
			);
			dependencies = (
				AB44EF962724411B002579A2 /* PBXTargetDependency */,
			);
			name = "github-search-taskTests";
			productName = "github-search-taskTests";
			productReference = AB44EF942724411B002579A2 /* github-search-taskTests.xctest */;
			productType = "com.apple.product-type.bundle.unit-test";
		};
		AB44EF9D2724411C002579A2 /* github-search-taskUITests */ = {
			isa = PBXNativeTarget;
			buildConfigurationList = AB44EFAE2724411C002579A2 /* Build configuration list for PBXNativeTarget "github-search-taskUITests" */;
			buildPhases = (
				F44F46A55C97B5E247D6D523 /* [CP] Check Pods Manifest.lock */,
				AB44EF9A2724411C002579A2 /* Sources */,
				AB44EF9B2724411C002579A2 /* Frameworks */,
				AB44EF9C2724411C002579A2 /* Resources */,
				417FAF796343C06F6442E90C /* [CP] Embed Pods Frameworks */,
			);
			buildRules = (
			);
			dependencies = (
				AB44EFA02724411C002579A2 /* PBXTargetDependency */,
			);
			name = "github-search-taskUITests";
			productName = "github-search-taskUITests";
			productReference = AB44EF9E2724411C002579A2 /* github-search-taskUITests.xctest */;
			productType = "com.apple.product-type.bundle.ui-testing";
		};
/* End PBXNativeTarget section */

/* Begin PBXProject section */
		AB44EF7627244118002579A2 /* Project object */ = {
			isa = PBXProject;
			attributes = {
				BuildIndependentTargetsInParallel = 1;
				LastSwiftUpdateCheck = 1300;
				LastUpgradeCheck = 1300;
				TargetAttributes = {
					AB44EF7D27244118002579A2 = {
						CreatedOnToolsVersion = 13.0;
					};
					AB44EF932724411B002579A2 = {
						CreatedOnToolsVersion = 13.0;
						TestTargetID = AB44EF7D27244118002579A2;
					};
					AB44EF9D2724411C002579A2 = {
						CreatedOnToolsVersion = 13.0;
						TestTargetID = AB44EF7D27244118002579A2;
					};
				};
			};
			buildConfigurationList = AB44EF7927244118002579A2 /* Build configuration list for PBXProject "github-search-task" */;
			compatibilityVersion = "Xcode 13.0";
			developmentRegion = en;
			hasScannedForEncodings = 0;
			knownRegions = (
				en,
				Base,
			);
			mainGroup = AB44EF7527244118002579A2;
			productRefGroup = AB44EF7F27244118002579A2 /* Products */;
			projectDirPath = "";
			projectRoot = "";
			targets = (
				AB44EF7D27244118002579A2 /* github-search-task */,
				AB44EF932724411B002579A2 /* github-search-taskTests */,
				AB44EF9D2724411C002579A2 /* github-search-taskUITests */,
			);
		};
/* End PBXProject section */

/* Begin PBXResourcesBuildPhase section */
		AB44EF7C27244118002579A2 /* Resources */ = {
			isa = PBXResourcesBuildPhase;
			buildActionMask = 2147483647;
			files = (
				AB44EF8E2724411B002579A2 /* LaunchScreen.storyboard in Resources */,
				AB44EF8B2724411B002579A2 /* Assets.xcassets in Resources */,
			);
			runOnlyForDeploymentPostprocessing = 0;
		};
		AB44EF922724411B002579A2 /* Resources */ = {
			isa = PBXResourcesBuildPhase;
			buildActionMask = 2147483647;
			files = (
			);
			runOnlyForDeploymentPostprocessing = 0;
		};
		AB44EF9C2724411C002579A2 /* Resources */ = {
			isa = PBXResourcesBuildPhase;
			buildActionMask = 2147483647;
			files = (
			);
			runOnlyForDeploymentPostprocessing = 0;
		};
/* End PBXResourcesBuildPhase section */

/* Begin PBXShellScriptBuildPhase section */
		417FAF796343C06F6442E90C /* [CP] Embed Pods Frameworks */ = {
			isa = PBXShellScriptBuildPhase;
			buildActionMask = 2147483647;
			files = (
			);
			inputFileListPaths = (
				"${PODS_ROOT}/Target Support Files/Pods-github-search-task-github-search-taskUITests/Pods-github-search-task-github-search-taskUITests-frameworks-${CONFIGURATION}-input-files.xcfilelist",
			);
			name = "[CP] Embed Pods Frameworks";
			outputFileListPaths = (
				"${PODS_ROOT}/Target Support Files/Pods-github-search-task-github-search-taskUITests/Pods-github-search-task-github-search-taskUITests-frameworks-${CONFIGURATION}-output-files.xcfilelist",
			);
			runOnlyForDeploymentPostprocessing = 0;
			shellPath = /bin/sh;
			shellScript = "\"${PODS_ROOT}/Target Support Files/Pods-github-search-task-github-search-taskUITests/Pods-github-search-task-github-search-taskUITests-frameworks.sh\"\n";
			showEnvVarsInLog = 0;
		};
		86A4E3F2E9668E032F87F540 /* [CP] Check Pods Manifest.lock */ = {
			isa = PBXShellScriptBuildPhase;
			buildActionMask = 2147483647;
			files = (
			);
			inputFileListPaths = (
			);
			inputPaths = (
				"${PODS_PODFILE_DIR_PATH}/Podfile.lock",
				"${PODS_ROOT}/Manifest.lock",
			);
			name = "[CP] Check Pods Manifest.lock";
			outputFileListPaths = (
			);
			outputPaths = (
				"$(DERIVED_FILE_DIR)/Pods-github-search-taskTests-checkManifestLockResult.txt",
			);
			runOnlyForDeploymentPostprocessing = 0;
			shellPath = /bin/sh;
			shellScript = "diff \"${PODS_PODFILE_DIR_PATH}/Podfile.lock\" \"${PODS_ROOT}/Manifest.lock\" > /dev/null\nif [ $? != 0 ] ; then\n    # print error to STDERR\n    echo \"error: The sandbox is not in sync with the Podfile.lock. Run 'pod install' or update your CocoaPods installation.\" >&2\n    exit 1\nfi\n# This output is used by Xcode 'outputs' to avoid re-running this script phase.\necho \"SUCCESS\" > \"${SCRIPT_OUTPUT_FILE_0}\"\n";
			showEnvVarsInLog = 0;
		};
		D5E8E0C385B40830EF436B23 /* [CP] Check Pods Manifest.lock */ = {
			isa = PBXShellScriptBuildPhase;
			buildActionMask = 2147483647;
			files = (
			);
			inputFileListPaths = (
			);
			inputPaths = (
				"${PODS_PODFILE_DIR_PATH}/Podfile.lock",
				"${PODS_ROOT}/Manifest.lock",
			);
			name = "[CP] Check Pods Manifest.lock";
			outputFileListPaths = (
			);
			outputPaths = (
				"$(DERIVED_FILE_DIR)/Pods-github-search-task-checkManifestLockResult.txt",
			);
			runOnlyForDeploymentPostprocessing = 0;
			shellPath = /bin/sh;
			shellScript = "diff \"${PODS_PODFILE_DIR_PATH}/Podfile.lock\" \"${PODS_ROOT}/Manifest.lock\" > /dev/null\nif [ $? != 0 ] ; then\n    # print error to STDERR\n    echo \"error: The sandbox is not in sync with the Podfile.lock. Run 'pod install' or update your CocoaPods installation.\" >&2\n    exit 1\nfi\n# This output is used by Xcode 'outputs' to avoid re-running this script phase.\necho \"SUCCESS\" > \"${SCRIPT_OUTPUT_FILE_0}\"\n";
			showEnvVarsInLog = 0;
		};
		D8A0D0E2A20B06C52A98FBAD /* [CP] Embed Pods Frameworks */ = {
			isa = PBXShellScriptBuildPhase;
			buildActionMask = 2147483647;
			files = (
			);
			inputFileListPaths = (
				"${PODS_ROOT}/Target Support Files/Pods-github-search-task/Pods-github-search-task-frameworks-${CONFIGURATION}-input-files.xcfilelist",
			);
			name = "[CP] Embed Pods Frameworks";
			outputFileListPaths = (
				"${PODS_ROOT}/Target Support Files/Pods-github-search-task/Pods-github-search-task-frameworks-${CONFIGURATION}-output-files.xcfilelist",
			);
			runOnlyForDeploymentPostprocessing = 0;
			shellPath = /bin/sh;
			shellScript = "\"${PODS_ROOT}/Target Support Files/Pods-github-search-task/Pods-github-search-task-frameworks.sh\"\n";
			showEnvVarsInLog = 0;
		};
		F44F46A55C97B5E247D6D523 /* [CP] Check Pods Manifest.lock */ = {
			isa = PBXShellScriptBuildPhase;
			buildActionMask = 2147483647;
			files = (
			);
			inputFileListPaths = (
			);
			inputPaths = (
				"${PODS_PODFILE_DIR_PATH}/Podfile.lock",
				"${PODS_ROOT}/Manifest.lock",
			);
			name = "[CP] Check Pods Manifest.lock";
			outputFileListPaths = (
			);
			outputPaths = (
				"$(DERIVED_FILE_DIR)/Pods-github-search-task-github-search-taskUITests-checkManifestLockResult.txt",
			);
			runOnlyForDeploymentPostprocessing = 0;
			shellPath = /bin/sh;
			shellScript = "diff \"${PODS_PODFILE_DIR_PATH}/Podfile.lock\" \"${PODS_ROOT}/Manifest.lock\" > /dev/null\nif [ $? != 0 ] ; then\n    # print error to STDERR\n    echo \"error: The sandbox is not in sync with the Podfile.lock. Run 'pod install' or update your CocoaPods installation.\" >&2\n    exit 1\nfi\n# This output is used by Xcode 'outputs' to avoid re-running this script phase.\necho \"SUCCESS\" > \"${SCRIPT_OUTPUT_FILE_0}\"\n";
			showEnvVarsInLog = 0;
		};
/* End PBXShellScriptBuildPhase section */

/* Begin PBXSourcesBuildPhase section */
		AB44EF7A27244118002579A2 /* Sources */ = {
			isa = PBXSourcesBuildPhase;
			buildActionMask = 2147483647;
			files = (
				AB44EF8227244118002579A2 /* AppDelegate.swift in Sources */,
				AB44EFC027245794002579A2 /* BaseAPI.swift in Sources */,
				AB44EFC2272457A9002579A2 /* SearchService.swift in Sources */,
				AB44EFBA27245690002579A2 /* SearchViewController.swift in Sources */,
				AB44EF8427244118002579A2 /* SceneDelegate.swift in Sources */,
			);
			runOnlyForDeploymentPostprocessing = 0;
		};
		AB44EF902724411B002579A2 /* Sources */ = {
			isa = PBXSourcesBuildPhase;
			buildActionMask = 2147483647;
			files = (
				AB44EF992724411C002579A2 /* github_search_taskTests.swift in Sources */,
			);
			runOnlyForDeploymentPostprocessing = 0;
		};
		AB44EF9A2724411C002579A2 /* Sources */ = {
			isa = PBXSourcesBuildPhase;
			buildActionMask = 2147483647;
			files = (
				AB44EFA52724411C002579A2 /* github_search_taskUITestsLaunchTests.swift in Sources */,
				AB44EFA32724411C002579A2 /* github_search_taskUITests.swift in Sources */,
			);
			runOnlyForDeploymentPostprocessing = 0;
		};
/* End PBXSourcesBuildPhase section */

/* Begin PBXTargetDependency section */
		AB44EF962724411B002579A2 /* PBXTargetDependency */ = {
			isa = PBXTargetDependency;
			target = AB44EF7D27244118002579A2 /* github-search-task */;
			targetProxy = AB44EF952724411B002579A2 /* PBXContainerItemProxy */;
		};
		AB44EFA02724411C002579A2 /* PBXTargetDependency */ = {
			isa = PBXTargetDependency;
			target = AB44EF7D27244118002579A2 /* github-search-task */;
			targetProxy = AB44EF9F2724411C002579A2 /* PBXContainerItemProxy */;
		};
/* End PBXTargetDependency section */

/* Begin PBXVariantGroup section */
		AB44EF8C2724411B002579A2 /* LaunchScreen.storyboard */ = {
			isa = PBXVariantGroup;
			children = (
				AB44EF8D2724411B002579A2 /* Base */,
			);
			name = LaunchScreen.storyboard;
			sourceTree = "<group>";
		};
/* End PBXVariantGroup section */

/* Begin XCBuildConfiguration section */
		AB44EFA62724411C002579A2 /* Debug */ = {
			isa = XCBuildConfiguration;
			buildSettings = {
				ALWAYS_SEARCH_USER_PATHS = NO;
				CLANG_ANALYZER_NONNULL = YES;
				CLANG_ANALYZER_NUMBER_OBJECT_CONVERSION = YES_AGGRESSIVE;
				CLANG_CXX_LANGUAGE_STANDARD = "gnu++17";
				CLANG_CXX_LIBRARY = "libc++";
				CLANG_ENABLE_MODULES = YES;
				CLANG_ENABLE_OBJC_ARC = YES;
				CLANG_ENABLE_OBJC_WEAK = YES;
				CLANG_WARN_BLOCK_CAPTURE_AUTORELEASING = YES;
				CLANG_WARN_BOOL_CONVERSION = YES;
				CLANG_WARN_COMMA = YES;
				CLANG_WARN_CONSTANT_CONVERSION = YES;
				CLANG_WARN_DEPRECATED_OBJC_IMPLEMENTATIONS = YES;
				CLANG_WARN_DIRECT_OBJC_ISA_USAGE = YES_ERROR;
				CLANG_WARN_DOCUMENTATION_COMMENTS = YES;
				CLANG_WARN_EMPTY_BODY = YES;
				CLANG_WARN_ENUM_CONVERSION = YES;
				CLANG_WARN_INFINITE_RECURSION = YES;
				CLANG_WARN_INT_CONVERSION = YES;
				CLANG_WARN_NON_LITERAL_NULL_CONVERSION = YES;
				CLANG_WARN_OBJC_IMPLICIT_RETAIN_SELF = YES;
				CLANG_WARN_OBJC_LITERAL_CONVERSION = YES;
				CLANG_WARN_OBJC_ROOT_CLASS = YES_ERROR;
				CLANG_WARN_QUOTED_INCLUDE_IN_FRAMEWORK_HEADER = YES;
				CLANG_WARN_RANGE_LOOP_ANALYSIS = YES;
				CLANG_WARN_STRICT_PROTOTYPES = YES;
				CLANG_WARN_SUSPICIOUS_MOVE = YES;
				CLANG_WARN_UNGUARDED_AVAILABILITY = YES_AGGRESSIVE;
				CLANG_WARN_UNREACHABLE_CODE = YES;
				CLANG_WARN__DUPLICATE_METHOD_MATCH = YES;
				COPY_PHASE_STRIP = NO;
				DEBUG_INFORMATION_FORMAT = dwarf;
				ENABLE_STRICT_OBJC_MSGSEND = YES;
				ENABLE_TESTABILITY = YES;
				GCC_C_LANGUAGE_STANDARD = gnu11;
				GCC_DYNAMIC_NO_PIC = NO;
				GCC_NO_COMMON_BLOCKS = YES;
				GCC_OPTIMIZATION_LEVEL = 0;
				GCC_PREPROCESSOR_DEFINITIONS = (
					"DEBUG=1",
					"$(inherited)",
				);
				GCC_WARN_64_TO_32_BIT_CONVERSION = YES;
				GCC_WARN_ABOUT_RETURN_TYPE = YES_ERROR;
				GCC_WARN_UNDECLARED_SELECTOR = YES;
				GCC_WARN_UNINITIALIZED_AUTOS = YES_AGGRESSIVE;
				GCC_WARN_UNUSED_FUNCTION = YES;
				GCC_WARN_UNUSED_VARIABLE = YES;
				IPHONEOS_DEPLOYMENT_TARGET = 15.0;
				MTL_ENABLE_DEBUG_INFO = INCLUDE_SOURCE;
				MTL_FAST_MATH = YES;
				ONLY_ACTIVE_ARCH = YES;
				SDKROOT = iphoneos;
				SWIFT_ACTIVE_COMPILATION_CONDITIONS = DEBUG;
				SWIFT_OPTIMIZATION_LEVEL = "-Onone";
			};
			name = Debug;
		};
		AB44EFA72724411C002579A2 /* Release */ = {
			isa = XCBuildConfiguration;
			buildSettings = {
				ALWAYS_SEARCH_USER_PATHS = NO;
				CLANG_ANALYZER_NONNULL = YES;
				CLANG_ANALYZER_NUMBER_OBJECT_CONVERSION = YES_AGGRESSIVE;
				CLANG_CXX_LANGUAGE_STANDARD = "gnu++17";
				CLANG_CXX_LIBRARY = "libc++";
				CLANG_ENABLE_MODULES = YES;
				CLANG_ENABLE_OBJC_ARC = YES;
				CLANG_ENABLE_OBJC_WEAK = YES;
				CLANG_WARN_BLOCK_CAPTURE_AUTORELEASING = YES;
				CLANG_WARN_BOOL_CONVERSION = YES;
				CLANG_WARN_COMMA = YES;
				CLANG_WARN_CONSTANT_CONVERSION = YES;
				CLANG_WARN_DEPRECATED_OBJC_IMPLEMENTATIONS = YES;
				CLANG_WARN_DIRECT_OBJC_ISA_USAGE = YES_ERROR;
				CLANG_WARN_DOCUMENTATION_COMMENTS = YES;
				CLANG_WARN_EMPTY_BODY = YES;
				CLANG_WARN_ENUM_CONVERSION = YES;
				CLANG_WARN_INFINITE_RECURSION = YES;
				CLANG_WARN_INT_CONVERSION = YES;
				CLANG_WARN_NON_LITERAL_NULL_CONVERSION = YES;
				CLANG_WARN_OBJC_IMPLICIT_RETAIN_SELF = YES;
				CLANG_WARN_OBJC_LITERAL_CONVERSION = YES;
				CLANG_WARN_OBJC_ROOT_CLASS = YES_ERROR;
				CLANG_WARN_QUOTED_INCLUDE_IN_FRAMEWORK_HEADER = YES;
				CLANG_WARN_RANGE_LOOP_ANALYSIS = YES;
				CLANG_WARN_STRICT_PROTOTYPES = YES;
				CLANG_WARN_SUSPICIOUS_MOVE = YES;
				CLANG_WARN_UNGUARDED_AVAILABILITY = YES_AGGRESSIVE;
				CLANG_WARN_UNREACHABLE_CODE = YES;
				CLANG_WARN__DUPLICATE_METHOD_MATCH = YES;
				COPY_PHASE_STRIP = NO;
				DEBUG_INFORMATION_FORMAT = "dwarf-with-dsym";
				ENABLE_NS_ASSERTIONS = NO;
				ENABLE_STRICT_OBJC_MSGSEND = YES;
				GCC_C_LANGUAGE_STANDARD = gnu11;
				GCC_NO_COMMON_BLOCKS = YES;
				GCC_WARN_64_TO_32_BIT_CONVERSION = YES;
				GCC_WARN_ABOUT_RETURN_TYPE = YES_ERROR;
				GCC_WARN_UNDECLARED_SELECTOR = YES;
				GCC_WARN_UNINITIALIZED_AUTOS = YES_AGGRESSIVE;
				GCC_WARN_UNUSED_FUNCTION = YES;
				GCC_WARN_UNUSED_VARIABLE = YES;
				IPHONEOS_DEPLOYMENT_TARGET = 15.0;
				MTL_ENABLE_DEBUG_INFO = NO;
				MTL_FAST_MATH = YES;
				SDKROOT = iphoneos;
				SWIFT_COMPILATION_MODE = wholemodule;
				SWIFT_OPTIMIZATION_LEVEL = "-O";
				VALIDATE_PRODUCT = YES;
			};
			name = Release;
		};
		AB44EFA92724411C002579A2 /* Debug */ = {
			isa = XCBuildConfiguration;
			baseConfigurationReference = 86EE0A59BCADA66478331446 /* Pods-github-search-task.debug.xcconfig */;
			buildSettings = {
				ASSETCATALOG_COMPILER_APPICON_NAME = AppIcon;
				ASSETCATALOG_COMPILER_GLOBAL_ACCENT_COLOR_NAME = AccentColor;
				CODE_SIGN_STYLE = Automatic;
				CURRENT_PROJECT_VERSION = 1;
				DEVELOPMENT_TEAM = G7SD8523Y3;
				GENERATE_INFOPLIST_FILE = YES;
				INFOPLIST_FILE = "github-search-task/Supporting Files/Info.plist";
				INFOPLIST_KEY_UIApplicationSupportsIndirectInputEvents = YES;
				INFOPLIST_KEY_UILaunchStoryboardName = LaunchScreen;
				INFOPLIST_KEY_UISupportedInterfaceOrientations_iPad = "UIInterfaceOrientationPortrait UIInterfaceOrientationPortraitUpsideDown UIInterfaceOrientationLandscapeLeft UIInterfaceOrientationLandscapeRight";
				INFOPLIST_KEY_UISupportedInterfaceOrientations_iPhone = "UIInterfaceOrientationPortrait UIInterfaceOrientationLandscapeLeft UIInterfaceOrientationLandscapeRight";
				LD_RUNPATH_SEARCH_PATHS = (
					"$(inherited)",
					"@executable_path/Frameworks",
				);
				MARKETING_VERSION = 1.0;
				PRODUCT_BUNDLE_IDENTIFIER = "inaelee.github-search-task";
				PRODUCT_NAME = "$(TARGET_NAME)";
				SWIFT_EMIT_LOC_STRINGS = YES;
				SWIFT_VERSION = 5.0;
				TARGETED_DEVICE_FAMILY = "1,2";
			};
			name = Debug;
		};
		AB44EFAA2724411C002579A2 /* Release */ = {
			isa = XCBuildConfiguration;
			baseConfigurationReference = 1137A74E386A8BC2AE53A2FF /* Pods-github-search-task.release.xcconfig */;
			buildSettings = {
				ASSETCATALOG_COMPILER_APPICON_NAME = AppIcon;
				ASSETCATALOG_COMPILER_GLOBAL_ACCENT_COLOR_NAME = AccentColor;
				CODE_SIGN_STYLE = Automatic;
				CURRENT_PROJECT_VERSION = 1;
				DEVELOPMENT_TEAM = G7SD8523Y3;
				GENERATE_INFOPLIST_FILE = YES;
				INFOPLIST_FILE = "github-search-task/Supporting Files/Info.plist";
				INFOPLIST_KEY_UIApplicationSupportsIndirectInputEvents = YES;
				INFOPLIST_KEY_UILaunchStoryboardName = LaunchScreen;
				INFOPLIST_KEY_UISupportedInterfaceOrientations_iPad = "UIInterfaceOrientationPortrait UIInterfaceOrientationPortraitUpsideDown UIInterfaceOrientationLandscapeLeft UIInterfaceOrientationLandscapeRight";
				INFOPLIST_KEY_UISupportedInterfaceOrientations_iPhone = "UIInterfaceOrientationPortrait UIInterfaceOrientationLandscapeLeft UIInterfaceOrientationLandscapeRight";
				LD_RUNPATH_SEARCH_PATHS = (
					"$(inherited)",
					"@executable_path/Frameworks",
				);
				MARKETING_VERSION = 1.0;
				PRODUCT_BUNDLE_IDENTIFIER = "inaelee.github-search-task";
				PRODUCT_NAME = "$(TARGET_NAME)";
				SWIFT_EMIT_LOC_STRINGS = YES;
				SWIFT_VERSION = 5.0;
				TARGETED_DEVICE_FAMILY = "1,2";
			};
			name = Release;
		};
		AB44EFAC2724411C002579A2 /* Debug */ = {
			isa = XCBuildConfiguration;
			baseConfigurationReference = E16555857D56993500ED6D80 /* Pods-github-search-taskTests.debug.xcconfig */;
			buildSettings = {
				ALWAYS_EMBED_SWIFT_STANDARD_LIBRARIES = YES;
				BUNDLE_LOADER = "$(TEST_HOST)";
				CODE_SIGN_STYLE = Automatic;
				CURRENT_PROJECT_VERSION = 1;
				DEVELOPMENT_TEAM = G7SD8523Y3;
				GENERATE_INFOPLIST_FILE = YES;
				IPHONEOS_DEPLOYMENT_TARGET = 15.0;
				LD_RUNPATH_SEARCH_PATHS = (
					"$(inherited)",
					"@executable_path/Frameworks",
					"@loader_path/Frameworks",
				);
				MARKETING_VERSION = 1.0;
				PRODUCT_BUNDLE_IDENTIFIER = "inaelee.github-search-taskTests";
				PRODUCT_NAME = "$(TARGET_NAME)";
				SWIFT_EMIT_LOC_STRINGS = NO;
				SWIFT_VERSION = 5.0;
				TARGETED_DEVICE_FAMILY = "1,2";
				TEST_HOST = "$(BUILT_PRODUCTS_DIR)/github-search-task.app/github-search-task";
			};
			name = Debug;
		};
		AB44EFAD2724411C002579A2 /* Release */ = {
			isa = XCBuildConfiguration;
			baseConfigurationReference = E19A602F4FE840A60CC01123 /* Pods-github-search-taskTests.release.xcconfig */;
			buildSettings = {
				ALWAYS_EMBED_SWIFT_STANDARD_LIBRARIES = YES;
				BUNDLE_LOADER = "$(TEST_HOST)";
				CODE_SIGN_STYLE = Automatic;
				CURRENT_PROJECT_VERSION = 1;
				DEVELOPMENT_TEAM = G7SD8523Y3;
				GENERATE_INFOPLIST_FILE = YES;
				IPHONEOS_DEPLOYMENT_TARGET = 15.0;
				LD_RUNPATH_SEARCH_PATHS = (
					"$(inherited)",
					"@executable_path/Frameworks",
					"@loader_path/Frameworks",
				);
				MARKETING_VERSION = 1.0;
				PRODUCT_BUNDLE_IDENTIFIER = "inaelee.github-search-taskTests";
				PRODUCT_NAME = "$(TARGET_NAME)";
				SWIFT_EMIT_LOC_STRINGS = NO;
				SWIFT_VERSION = 5.0;
				TARGETED_DEVICE_FAMILY = "1,2";
				TEST_HOST = "$(BUILT_PRODUCTS_DIR)/github-search-task.app/github-search-task";
			};
			name = Release;
		};
		AB44EFAF2724411C002579A2 /* Debug */ = {
			isa = XCBuildConfiguration;
			baseConfigurationReference = A121A124F7B39DF8475774BD /* Pods-github-search-task-github-search-taskUITests.debug.xcconfig */;
			buildSettings = {
				ALWAYS_EMBED_SWIFT_STANDARD_LIBRARIES = YES;
				CODE_SIGN_STYLE = Automatic;
				CURRENT_PROJECT_VERSION = 1;
				DEVELOPMENT_TEAM = G7SD8523Y3;
				GENERATE_INFOPLIST_FILE = YES;
				LD_RUNPATH_SEARCH_PATHS = (
					"$(inherited)",
					"@executable_path/Frameworks",
					"@loader_path/Frameworks",
				);
				MARKETING_VERSION = 1.0;
				PRODUCT_BUNDLE_IDENTIFIER = "inaelee.github-search-taskUITests";
				PRODUCT_NAME = "$(TARGET_NAME)";
				SWIFT_EMIT_LOC_STRINGS = NO;
				SWIFT_VERSION = 5.0;
				TARGETED_DEVICE_FAMILY = "1,2";
				TEST_TARGET_NAME = "github-search-task";
			};
			name = Debug;
		};
		AB44EFB02724411C002579A2 /* Release */ = {
			isa = XCBuildConfiguration;
			baseConfigurationReference = CA517822BE3A0FF3C82FAEC9 /* Pods-github-search-task-github-search-taskUITests.release.xcconfig */;
			buildSettings = {
				ALWAYS_EMBED_SWIFT_STANDARD_LIBRARIES = YES;
				CODE_SIGN_STYLE = Automatic;
				CURRENT_PROJECT_VERSION = 1;
				DEVELOPMENT_TEAM = G7SD8523Y3;
				GENERATE_INFOPLIST_FILE = YES;
				LD_RUNPATH_SEARCH_PATHS = (
					"$(inherited)",
					"@executable_path/Frameworks",
					"@loader_path/Frameworks",
				);
				MARKETING_VERSION = 1.0;
				PRODUCT_BUNDLE_IDENTIFIER = "inaelee.github-search-taskUITests";
				PRODUCT_NAME = "$(TARGET_NAME)";
				SWIFT_EMIT_LOC_STRINGS = NO;
				SWIFT_VERSION = 5.0;
				TARGETED_DEVICE_FAMILY = "1,2";
				TEST_TARGET_NAME = "github-search-task";
			};
			name = Release;
		};
/* End XCBuildConfiguration section */

/* Begin XCConfigurationList section */
		AB44EF7927244118002579A2 /* Build configuration list for PBXProject "github-search-task" */ = {
			isa = XCConfigurationList;
			buildConfigurations = (
				AB44EFA62724411C002579A2 /* Debug */,
				AB44EFA72724411C002579A2 /* Release */,
			);
			defaultConfigurationIsVisible = 0;
			defaultConfigurationName = Release;
		};
		AB44EFA82724411C002579A2 /* Build configuration list for PBXNativeTarget "github-search-task" */ = {
			isa = XCConfigurationList;
			buildConfigurations = (
				AB44EFA92724411C002579A2 /* Debug */,
				AB44EFAA2724411C002579A2 /* Release */,
			);
			defaultConfigurationIsVisible = 0;
			defaultConfigurationName = Release;
		};
		AB44EFAB2724411C002579A2 /* Build configuration list for PBXNativeTarget "github-search-taskTests" */ = {
			isa = XCConfigurationList;
			buildConfigurations = (
				AB44EFAC2724411C002579A2 /* Debug */,
				AB44EFAD2724411C002579A2 /* Release */,
			);
			defaultConfigurationIsVisible = 0;
			defaultConfigurationName = Release;
		};
		AB44EFAE2724411C002579A2 /* Build configuration list for PBXNativeTarget "github-search-taskUITests" */ = {
			isa = XCConfigurationList;
			buildConfigurations = (
				AB44EFAF2724411C002579A2 /* Debug */,
				AB44EFB02724411C002579A2 /* Release */,
			);
			defaultConfigurationIsVisible = 0;
			defaultConfigurationName = Release;
		};
/* End XCConfigurationList section */
	};
	rootObject = AB44EF7627244118002579A2 /* Project object */;
}
